Microsoft Visual Studio Solution File, Format Version 12.00
# Visual Studio Version 17
VisualStudioVersion = 17.5.2.0
MinimumVisualStudioVersion = 10.0.40219.1
Project("{FAE04EC0-301F-11D3-BF4B-00C04F79EFBC}") = "1- comparacao_de_numero", "1- comparacao_de_numero.csproj", "{9C0BF68B-EE54-FCAF-EE31-8FC61809A10E}"
EndProject
Global
	GlobalSection(SolutionConfigurationPlatforms) = preSolution
		Debug|Any CPU = Debug|Any CPU
		Release|Any CPU = Release|Any CPU
	EndGlobalSection
	GlobalSection(ProjectConfigurationPlatforms) = postSolution
		{9C0BF68B-EE54-FCAF-EE31-8FC61809A10E}.Debug|Any CPU.ActiveCfg = Debug|Any CPU
		{9C0BF68B-EE54-FCAF-EE31-8FC61809A10E}.Debug|Any CPU.Build.0 = Debug|Any CPU
		{9C0BF68B-EE54-FCAF-EE31-8FC61809A10E}.Release|Any CPU.ActiveCfg = Release|Any CPU
		{9C0BF68B-EE54-FCAF-EE31-8FC61809A10E}.Release|Any CPU.Build.0 = Release|Any CPU
	EndGlobalSection
	GlobalSection(SolutionProperties) = preSolution
		HideSolutionNode = FALSE
	EndGlobalSection
	GlobalSection(ExtensibilityGlobals) = postSolution
		SolutionGuid = {805AB290-AB0F-41A8-BCD4-4B848B7D227B}
	EndGlobalSection
EndGlobal
