Microsoft Visual Studio Solution File, Format Version 12.00
# Visual Studio Version 17
VisualStudioVersion = 17.5.2.0
MinimumVisualStudioVersion = 10.0.40219.1
Project("{FAE04EC0-301F-11D3-BF4B-00C04F79EFBC}") = "2- verificacao_de idade", "2- verificacao_de idade.csproj", "{DCE969CB-1E4A-5267-0302-8E2313B6B720}"
EndProject
Global
	GlobalSection(SolutionConfigurationPlatforms) = preSolution
		Debug|Any CPU = Debug|Any CPU
		Release|Any CPU = Release|Any CPU
	EndGlobalSection
	GlobalSection(ProjectConfigurationPlatforms) = postSolution
		{DCE969CB-1E4A-5267-0302-8E2313B6B720}.Debug|Any CPU.ActiveCfg = Debug|Any CPU
		{DCE969CB-1E4A-5267-0302-8E2313B6B720}.Debug|Any CPU.Build.0 = Debug|Any CPU
		{DCE969CB-1E4A-5267-0302-8E2313B6B720}.Release|Any CPU.ActiveCfg = Release|Any CPU
		{DCE969CB-1E4A-5267-0302-8E2313B6B720}.Release|Any CPU.Build.0 = Release|Any CPU
	EndGlobalSection
	GlobalSection(SolutionProperties) = preSolution
		HideSolutionNode = FALSE
	EndGlobalSection
	GlobalSection(ExtensibilityGlobals) = postSolution
		SolutionGuid = {58E66F3B-0CFF-465B-99F1-D59B43BC4E07}
	EndGlobalSection
EndGlobal
