Microsoft Visual Studio Solution File, Format Version 12.00
# Visual Studio Version 17
VisualStudioVersion = 17.5.2.0
MinimumVisualStudioVersion = 10.0.40219.1
Project("{FAE04EC0-301F-11D3-BF4B-00C04F79EFBC}") = "2-classificacao_de_notas", "2-classificacao_de_notas.csproj", "{707AB367-97E8-1A41-DB19-B3DBB71C19AA}"
EndProject
Global
	GlobalSection(SolutionConfigurationPlatforms) = preSolution
		Debug|Any CPU = Debug|Any CPU
		Release|Any CPU = Release|Any CPU
	EndGlobalSection
	GlobalSection(ProjectConfigurationPlatforms) = postSolution
		{707AB367-97E8-1A41-DB19-B3DBB71C19AA}.Debug|Any CPU.ActiveCfg = Debug|Any CPU
		{707AB367-97E8-1A41-DB19-B3DBB71C19AA}.Debug|Any CPU.Build.0 = Debug|Any CPU
		{707AB367-97E8-1A41-DB19-B3DBB71C19AA}.Release|Any CPU.ActiveCfg = Release|Any CPU
		{707AB367-97E8-1A41-DB19-B3DBB71C19AA}.Release|Any CPU.Build.0 = Release|Any CPU
	EndGlobalSection
	GlobalSection(SolutionProperties) = preSolution
		HideSolutionNode = FALSE
	EndGlobalSection
	GlobalSection(ExtensibilityGlobals) = postSolution
		SolutionGuid = {EBB9D8DC-8098-4688-A98E-8D054E536826}
	EndGlobalSection
EndGlobal
