Microsoft Visual Studio Solution File, Format Version 12.00
# Visual Studio Version 17
VisualStudioVersion = 17.5.2.0
MinimumVisualStudioVersion = 10.0.40219.1
Project("{FAE04EC0-301F-11D3-BF4B-00C04F79EFBC}") = "intervalo_de_valores", "intervalo_de_valores.csproj", "{8B925DEC-471F-151A-AD01-E424CBD636BB}"
EndProject
Global
	GlobalSection(SolutionConfigurationPlatforms) = preSolution
		Debug|Any CPU = Debug|Any CPU
		Release|Any CPU = Release|Any CPU
	EndGlobalSection
	GlobalSection(ProjectConfigurationPlatforms) = postSolution
		{8B925DEC-471F-151A-AD01-E424CBD636BB}.Debug|Any CPU.ActiveCfg = Debug|Any CPU
		{8B925DEC-471F-151A-AD01-E424CBD636BB}.Debug|Any CPU.Build.0 = Debug|Any CPU
		{8B925DEC-471F-151A-AD01-E424CBD636BB}.Release|Any CPU.ActiveCfg = Release|Any CPU
		{8B925DEC-471F-151A-AD01-E424CBD636BB}.Release|Any CPU.Build.0 = Release|Any CPU
	EndGlobalSection
	GlobalSection(SolutionProperties) = preSolution
		HideSolutionNode = FALSE
	EndGlobalSection
	GlobalSection(ExtensibilityGlobals) = postSolution
		SolutionGuid = {5A830C73-AD52-48A1-ADE0-6AAC078B19DC}
	EndGlobalSection
EndGlobal
